
Microsoft Visual Studio Solution File, Format Version 12.00
# Visual Studio Version 17
VisualStudioVersion = 17.3.32922.545
MinimumVisualStudioVersion = 10.0.40219.1
Project("{9A19103F-16F7-4668-BE54-9A1E7A4F7556}") = "Delegate", "Delegate\Delegate.csproj", "{8AB60C75-67AE-4FDA-9D82-CD70C661FA15}"
EndProject
Project("{9A19103F-16F7-4668-BE54-9A1E7A4F7556}") = "Delegates1", "Delegates1\Delegates1.csproj", "{A815151E-4C79-47BA-B0A6-C7C5A5D705CD}"
EndProject
Project("{9A19103F-16F7-4668-BE54-9A1E7A4F7556}") = "Delegates2", "Delegates2\Delegates2.csproj", "{15B3D3F9-FE2B-48B2-B198-EFF2587C46D7}"
EndProject
Project("{9A19103F-16F7-4668-BE54-9A1E7A4F7556}") = "DelegateMethod", "DelegateMethod\DelegateMethod.csproj", "{29EE7643-676E-45C6-AE34-7C83736C0A97}"
EndProject
Project("{9A19103F-16F7-4668-BE54-9A1E7A4F7556}") = "AnonymousMethods", "AnonymousMethods\AnonymousMethods.csproj", "{23D8958F-B4EF-4602-952D-2D8F5DB02BDC}"
EndProject
Project("{9A19103F-16F7-4668-BE54-9A1E7A4F7556}") = "AnonymousMethods1", "AnonymousMethods1\AnonymousMethods1.csproj", "{12092544-3EB8-41FE-B579-6BBCF0DA3F24}"
EndProject
Project("{9A19103F-16F7-4668-BE54-9A1E7A4F7556}") = "LambdaExpressions", "LambdaExpressions\LambdaExpressions.csproj", "{C21071D1-799C-451E-BC56-7CF7FACD50EE}"
EndProject
Project("{9A19103F-16F7-4668-BE54-9A1E7A4F7556}") = "LambdaExpressions1", "LambdaExpressions1\LambdaExpressions1.csproj", "{FC8AC440-6ACC-4B6B-B322-194C110F5492}"
EndProject
Project("{9A19103F-16F7-4668-BE54-9A1E7A4F7556}") = "LambdaExpressions2", "LambdaExpressions2\LambdaExpressions2.csproj", "{6E1F566F-021D-47B9-8A34-5E62074F0207}"
EndProject
Project("{9A19103F-16F7-4668-BE54-9A1E7A4F7556}") = "LambdaOperators", "LambdaOperators\LambdaOperators.csproj", "{030657CE-DE67-417E-9B16-994FFDABD3B4}"
EndProject
Project("{9A19103F-16F7-4668-BE54-9A1E7A4F7556}") = "LambdaOperators1", "LambdaOperators1\LambdaOperators1.csproj", "{A6FA4930-3F37-411A-B1AF-6E83120103BA}"
EndProject
Project("{9A19103F-16F7-4668-BE54-9A1E7A4F7556}") = "DelegatesArray", "DelegatesArray\DelegatesArray.csproj", "{675561EE-A145-45D8-BD53-E3949A804D84}"
EndProject
Project("{9A19103F-16F7-4668-BE54-9A1E7A4F7556}") = "DelegatesArray1", "DelegatesArray1\DelegatesArray1.csproj", "{9C00341C-FEAB-4B25-96D4-7416DD9742DC}"
EndProject
Project("{9A19103F-16F7-4668-BE54-9A1E7A4F7556}") = "Events", "Events\Events.csproj", "{2E93B90C-D89B-4288-882D-BCAB3E777DD9}"
EndProject
Project("{FAE04EC0-301F-11D3-BF4B-00C04F79EFBC}") = "Events1", "Events1\Events1.csproj", "{941319EF-3757-40C9-95E1-F7FAE0CC2FC1}"
EndProject
Project("{FAE04EC0-301F-11D3-BF4B-00C04F79EFBC}") = "Events2", "Events2\Events2.csproj", "{E4128AF4-870B-4791-9954-18799F6E5F7A}"
EndProject
Project("{FAE04EC0-301F-11D3-BF4B-00C04F79EFBC}") = "Events3", "Events3\Events3.csproj", "{3B47006D-5EB4-4AB1-A23B-5DC0A432A5E0}"
EndProject
Global
	GlobalSection(SolutionConfigurationPlatforms) = preSolution
		Debug|Any CPU = Debug|Any CPU
		Release|Any CPU = Release|Any CPU
	EndGlobalSection
	GlobalSection(ProjectConfigurationPlatforms) = postSolution
		{8AB60C75-67AE-4FDA-9D82-CD70C661FA15}.Debug|Any CPU.ActiveCfg = Debug|Any CPU
		{8AB60C75-67AE-4FDA-9D82-CD70C661FA15}.Debug|Any CPU.Build.0 = Debug|Any CPU
		{8AB60C75-67AE-4FDA-9D82-CD70C661FA15}.Release|Any CPU.ActiveCfg = Release|Any CPU
		{8AB60C75-67AE-4FDA-9D82-CD70C661FA15}.Release|Any CPU.Build.0 = Release|Any CPU
		{A815151E-4C79-47BA-B0A6-C7C5A5D705CD}.Debug|Any CPU.ActiveCfg = Debug|Any CPU
		{A815151E-4C79-47BA-B0A6-C7C5A5D705CD}.Debug|Any CPU.Build.0 = Debug|Any CPU
		{A815151E-4C79-47BA-B0A6-C7C5A5D705CD}.Release|Any CPU.ActiveCfg = Release|Any CPU
		{A815151E-4C79-47BA-B0A6-C7C5A5D705CD}.Release|Any CPU.Build.0 = Release|Any CPU
		{15B3D3F9-FE2B-48B2-B198-EFF2587C46D7}.Debug|Any CPU.ActiveCfg = Debug|Any CPU
		{15B3D3F9-FE2B-48B2-B198-EFF2587C46D7}.Debug|Any CPU.Build.0 = Debug|Any CPU
		{15B3D3F9-FE2B-48B2-B198-EFF2587C46D7}.Release|Any CPU.ActiveCfg = Release|Any CPU
		{15B3D3F9-FE2B-48B2-B198-EFF2587C46D7}.Release|Any CPU.Build.0 = Release|Any CPU
		{29EE7643-676E-45C6-AE34-7C83736C0A97}.Debug|Any CPU.ActiveCfg = Debug|Any CPU
		{29EE7643-676E-45C6-AE34-7C83736C0A97}.Debug|Any CPU.Build.0 = Debug|Any CPU
		{29EE7643-676E-45C6-AE34-7C83736C0A97}.Release|Any CPU.ActiveCfg = Release|Any CPU
		{29EE7643-676E-45C6-AE34-7C83736C0A97}.Release|Any CPU.Build.0 = Release|Any CPU
		{23D8958F-B4EF-4602-952D-2D8F5DB02BDC}.Debug|Any CPU.ActiveCfg = Debug|Any CPU
		{23D8958F-B4EF-4602-952D-2D8F5DB02BDC}.Debug|Any CPU.Build.0 = Debug|Any CPU
		{23D8958F-B4EF-4602-952D-2D8F5DB02BDC}.Release|Any CPU.ActiveCfg = Release|Any CPU
		{23D8958F-B4EF-4602-952D-2D8F5DB02BDC}.Release|Any CPU.Build.0 = Release|Any CPU
		{12092544-3EB8-41FE-B579-6BBCF0DA3F24}.Debug|Any CPU.ActiveCfg = Debug|Any CPU
		{12092544-3EB8-41FE-B579-6BBCF0DA3F24}.Debug|Any CPU.Build.0 = Debug|Any CPU
		{12092544-3EB8-41FE-B579-6BBCF0DA3F24}.Release|Any CPU.ActiveCfg = Release|Any CPU
		{12092544-3EB8-41FE-B579-6BBCF0DA3F24}.Release|Any CPU.Build.0 = Release|Any CPU
		{C21071D1-799C-451E-BC56-7CF7FACD50EE}.Debug|Any CPU.ActiveCfg = Debug|Any CPU
		{C21071D1-799C-451E-BC56-7CF7FACD50EE}.Debug|Any CPU.Build.0 = Debug|Any CPU
		{C21071D1-799C-451E-BC56-7CF7FACD50EE}.Release|Any CPU.ActiveCfg = Release|Any CPU
		{C21071D1-799C-451E-BC56-7CF7FACD50EE}.Release|Any CPU.Build.0 = Release|Any CPU
		{FC8AC440-6ACC-4B6B-B322-194C110F5492}.Debug|Any CPU.ActiveCfg = Debug|Any CPU
		{FC8AC440-6ACC-4B6B-B322-194C110F5492}.Debug|Any CPU.Build.0 = Debug|Any CPU
		{FC8AC440-6ACC-4B6B-B322-194C110F5492}.Release|Any CPU.ActiveCfg = Release|Any CPU
		{FC8AC440-6ACC-4B6B-B322-194C110F5492}.Release|Any CPU.Build.0 = Release|Any CPU
		{6E1F566F-021D-47B9-8A34-5E62074F0207}.Debug|Any CPU.ActiveCfg = Debug|Any CPU
		{6E1F566F-021D-47B9-8A34-5E62074F0207}.Debug|Any CPU.Build.0 = Debug|Any CPU
		{6E1F566F-021D-47B9-8A34-5E62074F0207}.Release|Any CPU.ActiveCfg = Release|Any CPU
		{6E1F566F-021D-47B9-8A34-5E62074F0207}.Release|Any CPU.Build.0 = Release|Any CPU
		{030657CE-DE67-417E-9B16-994FFDABD3B4}.Debug|Any CPU.ActiveCfg = Debug|Any CPU
		{030657CE-DE67-417E-9B16-994FFDABD3B4}.Debug|Any CPU.Build.0 = Debug|Any CPU
		{030657CE-DE67-417E-9B16-994FFDABD3B4}.Release|Any CPU.ActiveCfg = Release|Any CPU
		{030657CE-DE67-417E-9B16-994FFDABD3B4}.Release|Any CPU.Build.0 = Release|Any CPU
		{A6FA4930-3F37-411A-B1AF-6E83120103BA}.Debug|Any CPU.ActiveCfg = Debug|Any CPU
		{A6FA4930-3F37-411A-B1AF-6E83120103BA}.Debug|Any CPU.Build.0 = Debug|Any CPU
		{A6FA4930-3F37-411A-B1AF-6E83120103BA}.Release|Any CPU.ActiveCfg = Release|Any CPU
		{A6FA4930-3F37-411A-B1AF-6E83120103BA}.Release|Any CPU.Build.0 = Release|Any CPU
		{675561EE-A145-45D8-BD53-E3949A804D84}.Debug|Any CPU.ActiveCfg = Debug|Any CPU
		{675561EE-A145-45D8-BD53-E3949A804D84}.Debug|Any CPU.Build.0 = Debug|Any CPU
		{675561EE-A145-45D8-BD53-E3949A804D84}.Release|Any CPU.ActiveCfg = Release|Any CPU
		{675561EE-A145-45D8-BD53-E3949A804D84}.Release|Any CPU.Build.0 = Release|Any CPU
		{9C00341C-FEAB-4B25-96D4-7416DD9742DC}.Debug|Any CPU.ActiveCfg = Debug|Any CPU
		{9C00341C-FEAB-4B25-96D4-7416DD9742DC}.Debug|Any CPU.Build.0 = Debug|Any CPU
		{9C00341C-FEAB-4B25-96D4-7416DD9742DC}.Release|Any CPU.ActiveCfg = Release|Any CPU
		{9C00341C-FEAB-4B25-96D4-7416DD9742DC}.Release|Any CPU.Build.0 = Release|Any CPU
		{2E93B90C-D89B-4288-882D-BCAB3E777DD9}.Debug|Any CPU.ActiveCfg = Debug|Any CPU
		{2E93B90C-D89B-4288-882D-BCAB3E777DD9}.Debug|Any CPU.Build.0 = Debug|Any CPU
		{2E93B90C-D89B-4288-882D-BCAB3E777DD9}.Release|Any CPU.ActiveCfg = Release|Any CPU
		{2E93B90C-D89B-4288-882D-BCAB3E777DD9}.Release|Any CPU.Build.0 = Release|Any CPU
		{941319EF-3757-40C9-95E1-F7FAE0CC2FC1}.Debug|Any CPU.ActiveCfg = Debug|Any CPU
		{941319EF-3757-40C9-95E1-F7FAE0CC2FC1}.Debug|Any CPU.Build.0 = Debug|Any CPU
		{941319EF-3757-40C9-95E1-F7FAE0CC2FC1}.Release|Any CPU.ActiveCfg = Release|Any CPU
		{941319EF-3757-40C9-95E1-F7FAE0CC2FC1}.Release|Any CPU.Build.0 = Release|Any CPU
		{E4128AF4-870B-4791-9954-18799F6E5F7A}.Debug|Any CPU.ActiveCfg = Debug|Any CPU
		{E4128AF4-870B-4791-9954-18799F6E5F7A}.Debug|Any CPU.Build.0 = Debug|Any CPU
		{E4128AF4-870B-4791-9954-18799F6E5F7A}.Release|Any CPU.ActiveCfg = Release|Any CPU
		{E4128AF4-870B-4791-9954-18799F6E5F7A}.Release|Any CPU.Build.0 = Release|Any CPU
		{3B47006D-5EB4-4AB1-A23B-5DC0A432A5E0}.Debug|Any CPU.ActiveCfg = Debug|Any CPU
		{3B47006D-5EB4-4AB1-A23B-5DC0A432A5E0}.Debug|Any CPU.Build.0 = Debug|Any CPU
		{3B47006D-5EB4-4AB1-A23B-5DC0A432A5E0}.Release|Any CPU.ActiveCfg = Release|Any CPU
		{3B47006D-5EB4-4AB1-A23B-5DC0A432A5E0}.Release|Any CPU.Build.0 = Release|Any CPU
	EndGlobalSection
	GlobalSection(SolutionProperties) = preSolution
		HideSolutionNode = FALSE
	EndGlobalSection
	GlobalSection(ExtensibilityGlobals) = postSolution
		SolutionGuid = {BD5295F4-34FC-4EB6-A021-29CEBACCFC1F}
	EndGlobalSection
EndGlobal
